
Microsoft Visual Studio Solution File, Format Version 12.00
# Visual Studio Version 17
VisualStudioVersion = 17.13.35931.197
MinimumVisualStudioVersion = 10.0.40219.1
Project("{FAE04EC0-301F-11D3-BF4B-00C04F79EFBC}") = "Gainly_Auth_API", "Gainly_Auth_API\\Gainly_Auth_API.csproj", "{8925AC1F-0CF0-4444-97F6-08A544E745CE}"
EndProject
Project("{FAE04EC0-301F-11D3-BF4B-00C04F79EFBC}") = "Gainly_Auth_Tests", "Gainly_Auth_Tests\\Gainly_Auth_Tests.csproj", "{E8217DAD-99A2-4584-86BB-7729EA251321}"
EndProject
Global
	GlobalSection(SolutionConfigurationPlatforms) = preSolution
		Debug|Any CPU = Debug|Any CPU
		Debug|x64 = Debug|x64
		Debug|x86 = Debug|x86
		Release|Any CPU = Release|Any CPU
		Release|x64 = Release|x64
		Release|x86 = Release|x86
	EndGlobalSection
	GlobalSection(ProjectConfigurationPlatforms) = postSolution
		{8925AC1F-0CF0-4444-97F6-08A544E745CE}.Debug|Any CPU.ActiveCfg = Debug|Any CPU
		{8925AC1F-0CF0-4444-97F6-08A544E745CE}.Debug|x64.ActiveCfg = Debug|Any CPU
		{8925AC1F-0CF0-4444-97F6-08A544E745CE}.Debug|x64.Build.0 = Debug|Any CPU
		{8925AC1F-0CF0-4444-97F6-08A544E745CE}.Debug|x86.ActiveCfg = Debug|Any CPU
		{8925AC1F-0CF0-4444-97F6-08A544E745CE}.Debug|x86.Build.0 = Debug|Any CPU
		{8925AC1F-0CF0-4444-97F6-08A544E745CE}.Release|Any CPU.ActiveCfg = Release|Any CPU
		{8925AC1F-0CF0-4444-97F6-08A544E745CE}.Release|Any CPU.Build.0 = Release|Any CPU
		{8925AC1F-0CF0-4444-97F6-08A544E745CE}.Release|x64.ActiveCfg = Release|Any CPU
		{8925AC1F-0CF0-4444-97F6-08A544E745CE}.Release|x64.Build.0 = Release|Any CPU
		{8925AC1F-0CF0-4444-97F6-08A544E745CE}.Release|x86.ActiveCfg = Release|Any CPU
		{8925AC1F-0CF0-4444-97F6-08A544E745CE}.Release|x86.Build.0 = Release|Any CPU
		{E8217DAD-99A2-4584-86BB-7729EA251321}.Debug|Any CPU.ActiveCfg = Debug|Any CPU
		{E8217DAD-99A2-4584-86BB-7729EA251321}.Debug|Any CPU.Build.0 = Debug|Any CPU
		{E8217DAD-99A2-4584-86BB-7729EA251321}.Debug|x64.ActiveCfg = Debug|Any CPU
		{E8217DAD-99A2-4584-86BB-7729EA251321}.Debug|x64.Build.0 = Debug|Any CPU
		{E8217DAD-99A2-4584-86BB-7729EA251321}.Debug|x86.ActiveCfg = Debug|Any CPU
		{E8217DAD-99A2-4584-86BB-7729EA251321}.Debug|x86.Build.0 = Debug|Any CPU
		{E8217DAD-99A2-4584-86BB-7729EA251321}.Release|Any CPU.ActiveCfg = Release|Any CPU
		{E8217DAD-99A2-4584-86BB-7729EA251321}.Release|Any CPU.Build.0 = Release|Any CPU
		{E8217DAD-99A2-4584-86BB-7729EA251321}.Release|x64.ActiveCfg = Release|Any CPU
		{E8217DAD-99A2-4584-86BB-7729EA251321}.Release|x64.Build.0 = Release|Any CPU
		{E8217DAD-99A2-4584-86BB-7729EA251321}.Release|x86.ActiveCfg = Release|Any CPU
		{E8217DAD-99A2-4584-86BB-7729EA251321}.Release|x86.Build.0 = Release|Any CPU
	EndGlobalSection
	GlobalSection(SolutionProperties) = preSolution
		HideSolutionNode = FALSE
	EndGlobalSection
	GlobalSection(ExtensibilityGlobals) = postSolution
		SolutionGuid = {4C45A654-2292-4798-B1AD-28E260896B78}
	EndGlobalSection
EndGlobal










